{
  "name": "test-client",
  "version": "1.0.0",
  "lockfileVersion": 2,
  "requires": true,
  "packages": {
    "": {
      "version": "1.0.0",
      "license": "ISC",
      "dependencies": {
        "node-wav": "^0.0.2"
      }
    },
    "node_modules/node-wav": {
      "version": "0.0.2",
      "resolved": "https://registry.npmjs.org/node-wav/-/node-wav-0.0.2.tgz",
      "integrity": "sha1-ictjz4zWbsirRV9bpIZOX8tGBeg=",
      "engines": {
        "node": ">=4.4.0"
      }
    }
  },
  "dependencies": {
    "node-wav": {
      "version": "0.0.2",
      "resolved": "https://registry.npmjs.org/node-wav/-/node-wav-0.0.2.tgz",
      "integrity": "sha1-ictjz4zWbsirRV9bpIZOX8tGBeg="
    }
  }
}
